{"format_version":"0.2","terraform_version":"1.0.10","planned_values":{"root_module":{"child_modules":[{"resources":[{"address":"module.iam.google_service_account.service_account","mode":"managed","type":"google_service_account","name":"service_account","provider_name":"registry.terraform.io/hashicorp/google","schema_version":0,"values":{"account_id":"spi-editor","description":"","disabled":false,"display_name":"Service Account","email":"spi-editor@blue-dog-piano.iam.gserviceaccount.com","id":"projects/blue-dog-piano/serviceAccounts/spi-editor@blue-dog-piano.iam.gserviceaccount.com","name":"projects/blue-dog-piano/serviceAccounts/spi-editor@blue-dog-piano.iam.gserviceaccount.com","project":"blue-dog-piano","timeouts":null,"unique_id":"116558978286386860941"},"sensitive_values":{}}],"address":"module.iam"},{"resources":[{"address":"module.notification.google_pubsub_topic.notifications","mode":"managed","type":"google_pubsub_topic","name":"notifications","provider_name":"registry.terraform.io/hashicorp/google","schema_version":0,"values":{"kms_key_name":null,"labels":{"cmdb_id":"al12345"},"message_retention_duration":null,"name":"pe-ws-tst-psb-euwe2-desc-01","project":"blue-dog-piano","timeouts":null},"sensitive_values":{"labels":{},"message_storage_policy":[],"schema_settings":[]}},{"address":"module.notification.google_pubsub_topic_iam_member.member","mode":"managed","type":"google_pubsub_topic_iam_member","name":"member","provider_name":"registry.terraform.io/hashicorp/google","schema_version":0,"values":{"condition":[],"member":"serviceAccount:spi-editor@blue-dog-piano.iam.gserviceaccount.com","project":"blue-dog-piano","role":"roles/pubsub.publisher"},"sensitive_values":{"condition":[]}}],"address":"module.notification"},{"address":"module.spinnaker_euw1","child_modules":[{"resources":[{"address":"module.spinnaker_euw1.module.spinnaker.google_container_cluster.kcl","mode":"managed","type":"google_container_cluster","name":"kcl","provider_name":"registry.terraform.io/hashicorp/google","schema_version":1,"values":{"addons_config":[{"cloudrun_config":[],"horizontal_pod_autoscaling":[],"http_load_balancing":[],"network_policy_config":[{"disabled":true}]}],"authenticator_groups_config":[],"cluster_autoscaling":[{"auto_provisioning_defaults":[],"enabled":false,"resource_limits":[]}],"cluster_ipv4_cidr":"10.0.0.0/14","confidential_nodes":[],"database_encryption":[{"key_name":"","state":"DECRYPTED"}],"datapath_provider":"","default_max_pods_per_node":null,"default_snat_status":[{"disabled":false}],"description":"","enable_autopilot":false,"enable_binary_authorization":false,"enable_intranode_visibility":false,"enable_kubernetes_alpha":false,"enable_legacy_abac":false,"enable_shielded_nodes":true,"enable_tpu":false,"endpoint":"35.241.137.35","id":"projects/blue-dog-piano/locations/europe-west1/clusters/spi-euw1","initial_node_count":1,"ip_allocation_policy":[],"label_fingerprint":"a9dc16a7","location":"europe-west1","logging_config":[{"enable_components":["SYSTEM_COMPONENTS","WORKLOADS"]}],"logging_service":"logging.googleapis.com/kubernetes","maintenance_policy":[],"master_auth":[{"client_certificate":"","client_certificate_config":[{"issue_client_certificate":false}],"client_key":"","cluster_ca_certificate":"LS0tLS1CRUdJTiBDRVJUSUZJQ0FURS0tLS0tCk1JSUVMRENDQXBTZ0F3SUJBZ0lRUzN1cno2UHRUOVZraGU2WlpGTlVhREFOQmdrcWhraUc5dzBCQVFzRkFEQXYKTVMwd0t3WURWUVFERXlRNVlqVXdaakF5TUMxaU5EVTFMVFE0WkdRdFlUTTRZUzFpT1dJMU5qSXlObU5rWkdZdwpJQmNOTWpFeE1URXdNRGt5TkRJeVdoZ1BNakExTVRFeE1ETXhNREkwTWpKYU1DOHhMVEFyQmdOVkJBTVRKRGxpCk5UQm1NREl3TFdJME5UVXRORGhrWkMxaE16aGhMV0k1WWpVMk1qSTJZMlJrWmpDQ0FhSXdEUVlKS29aSWh2Y04KQVFFQkJRQURnZ0dQQURDQ0FZb0NnZ0dCQU1zWkI3QlpNYW1zMVIzcWRWZDRFeHJBTms0UjZWaWZVejdLYmxGNwp5MlJ6eFRQK1RoandQaUx2RlhLM3RLRlNnTnhVN1JLUWhwcHhuMnpXRkk1bytGdTFXMm0vajd5dFIwanN3SWRXCkVGWm96aEl6NGVsTW16RTZQbVZBSU85NSttN1JxNTRkZ3BKQVVmM1E1c3BORFF6dWNIaVFOVFBsU3dlM25TTDkKMFJJcldnVGtzRUxDdXhrTWk5c2RMQUc2bjh6NklIeW9oTXpVUUtRdm9CamdITzlINXMzOVVPRVdRUkswNWhPdgp5YmV3aklYS3VFNGdDalZDRmw0Q0Rkc21DcVBHbGJOWkJnRGJOZjc1R21HK21OdVlLYWc1aGlsZXRhVGVHNjZjCk5FSHpzYk9hMmdvSjdxMXRtbkFQeVU1KzE3bTRpbHhqNkpBZ2NiQ2lKUXlxWExHMDRQRFlHVUhDRFlKSXNzK0kKamlXVFJGSlFYb3Y4S2tJbEFKY25nVjFwakxBejh4TGNKR2hsYnBGSElZZlkrdWZtS2hUMmtQV2tmWHpiR3JxWgpkK2lXeUtZUXgzSUZxNEdHUmprUkt0c1oyWkNtdGpXVkVUbXdrQ01XaW5lY3h3QVY5OFJLbDVkc3VIMTllNWhjCmZGTFFBMXV4UDF6NzJMM3QwZlZtTlZFQURRSURBUUFCbzBJd1FEQU9CZ05WSFE4QkFmOEVCQU1DQWdRd0R3WUQKVlIwVEFRSC9CQVV3QXdFQi96QWRCZ05WSFE0RUZnUVVTd3V6MnhkN0hLUytGYjEvdUVaQVZ3RHdEU1F3RFFZSgpLb1pJaHZjTkFRRUxCUUFEZ2dHQkFBK01GZjhKdUxpekUxVFY0cWI4ZzBEVkcxTzEyMmJpRXZFNFpxTlZYNGFKClZweWN0U3ZRTXc5MjBqT2s4YmNST0pUU3FFTjBsZ0JKbCtIaE82L20xTEhIZEJyNk8vd3RrdmY2aUZ6Unk0ODcKWFZtTURpYUVrdnB1RmZYWjR0TXBabFhIQVBXbHcvdnJjWDVCYkdNNjVBOTZVdWtaYTdISm0zRmJpaU5RUzlGKwppZW5zUmdtbmY0UlFiR0NoU0FGam5Wa1JIRnduT0ZybGlSdjNkYW5QZzFrS1psRDlGQTR2ZFE0dVA1RXFsVkFTCjNTcmxNSEFHZnVaUEwyNmtkc3FwOTFiU2Rjb0VyeGJUTFAvS1B3YzRRYUkwSkVwZHdWWnVEczc3TjFpR3kzTXUKYXpmRmpUMUllc0FBUGtFZjFyZFpoYnlpUWRwMWVPNk9LbFBpUVZTMnhYTGhCS3VFM09nbEZMRldWMktIQVYzOApJMERuV1ZHU2ZVcU9UWDJJM2VlUWovMHJzVjZ1SWt5ZjArME9HVytNN3VtcU5udHkwckN0VGFBVDVEL0JBSEVoCkxITWNQWUxRbERGT1NtZitNcURpSEdmdXJEZld2aFJxeElMaklWclEzb25WbXJqNVdyakUvSzQ5NUFGRkZtemcKaVB0V3JoTFJQaGlLVjZ5ekRhR1hWdz09Ci0tLS0tRU5EIENFUlRJRklDQVRFLS0tLS0K"}],"master_authorized_networks_config":[],"master_version":"1.20.10-gke.1600","min_master_version":null,"monitoring_config":[{"enable_components":["SYSTEM_COMPONENTS"]}],"monitoring_service":"monitoring.googleapis.com/kubernetes","name":"spi-euw1","network":"projects/blue-dog-piano/global/networks/default","network_policy":[{"enabled":false,"provider":"PROVIDER_UNSPECIFIED"}],"networking_mode":"ROUTES","node_config":[],"node_locations":["europe-west1-b","europe-west1-c","europe-west1-d"],"node_pool":[],"node_version":"1.20.10-gke.1600","operation":null,"private_cluster_config":[],"private_ipv6_google_access":"","project":"blue-dog-piano","release_channel":[{"channel":"REGULAR"}],"remove_default_node_pool":true,"resource_labels":{},"resource_usage_export_config":[],"self_link":"https://container.googleapis.com/v1/projects/blue-dog-piano/locations/europe-west1/clusters/spi-euw1","services_ipv4_cidr":"10.3.240.0/20","subnetwork":"projects/blue-dog-piano/regions/europe-west1/subnetworks/default","timeouts":null,"tpu_ipv4_cidr_block":"","vertical_pod_autoscaling":[],"workload_identity_config":[]},"sensitive_values":{"addons_config":[{"cloudrun_config":[],"horizontal_pod_autoscaling":[],"http_load_balancing":[],"network_policy_config":[{}]}],"authenticator_groups_config":[],"cluster_autoscaling":[{"auto_provisioning_defaults":[],"resource_limits":[]}],"confidential_nodes":[],"database_encryption":[{}],"default_snat_status":[{}],"ip_allocation_policy":[],"logging_config":[{"enable_components":[false,false]}],"maintenance_policy":[],"master_auth":[{"client_certificate_config":[{}]}],"master_authorized_networks_config":[],"monitoring_config":[{"enable_components":[false]}],"network_policy":[{}],"node_config":[],"node_locations":[false,false,false],"node_pool":[],"private_cluster_config":[],"release_channel":[{}],"resource_labels":{},"resource_usage_export_config":[],"vertical_pod_autoscaling":[],"workload_identity_config":[]}},{"address":"module.spinnaker_euw1.module.spinnaker.google_pubsub_topic.gcb_topic","mode":"managed","type":"google_pubsub_topic","name":"gcb_topic","provider_name":"registry.terraform.io/hashicorp/google","schema_version":0,"values":{"id":"projects/blue-dog-piano/topics/spi-spi-euw1-gcb","kms_key_name":"","labels":{"cmdb_id":"234089","cost_centre":"cc","dataclassification":"limited","owner":"a-harland","troux_id":"troux"},"message_retention_duration":"","message_storage_policy":[{"allowed_persistence_regions":["europe-west1","europe-west2"]}],"name":"spi-spi-euw1-gcb","project":"blue-dog-piano","schema_settings":[],"timeouts":null},"sensitive_values":{"labels":{},"message_storage_policy":[{"allowed_persistence_regions":[false,false]}],"schema_settings":[]}},{"address":"module.spinnaker_euw1.module.spinnaker.google_pubsub_topic.gcr_topic","mode":"managed","type":"google_pubsub_topic","name":"gcr_topic","provider_name":"registry.terraform.io/hashicorp/google","schema_version":0,"values":{"id":"projects/blue-dog-piano/topics/spi-spi-euw1-gcr","kms_key_name":"","labels":{"cmdb_id":"234089","cost_centre":"cc","dataclassification":"limited","owner":"a-harland","troux_id":"troux"},"message_retention_duration":"","message_storage_policy":[{"allowed_persistence_regions":["europe-west1","europe-west2"]}],"name":"spi-spi-euw1-gcr","project":"blue-dog-piano","schema_settings":[],"timeouts":null},"sensitive_values":{"labels":{},"message_storage_policy":[{"allowed_persistence_regions":[false,false]}],"schema_settings":[]}},{"address":"module.spinnaker_euw1.module.spinnaker.google_pubsub_topic.notifications","mode":"managed","type":"google_pubsub_topic","name":"notifications","provider_name":"registry.terraform.io/hashicorp/google","schema_version":0,"values":{"id":"projects/blue-dog-piano/topics/spi-spi-euw1-notifications","kms_key_name":"","labels":{"cmdb_id":"234089","cost_centre":"cc","dataclassification":"limited","owner":"a-harland","troux_id":"troux"},"message_retention_duration":"","message_storage_policy":[{"allowed_persistence_regions":["europe-west1","europe-west2"]}],"name":"spi-spi-euw1-notifications","project":"blue-dog-piano","schema_settings":[],"timeouts":null},"sensitive_values":{"labels":{},"message_storage_policy":[{"allowed_persistence_regions":[false,false]}],"schema_settings":[]}},{"address":"module.spinnaker_euw1.module.spinnaker.google_storage_bucket.config","mode":"managed","type":"google_storage_bucket","name":"config","provider_name":"registry.terraform.io/hashicorp/google","schema_version":0,"values":{"cors":[],"default_event_based_hold":false,"encryption":[],"force_destroy":true,"id":"tst-stb-spi-euw1-config","labels":{"cmdb_id":"234089","cost_centre":"cc","dataclassification":"limited","owner":"a-harland","troux_id":"troux"},"lifecycle_rule":[],"location":"EUROPE-WEST1","logging":[],"name":"tst-stb-spi-euw1-config","project":"blue-dog-piano","requester_pays":false,"retention_policy":[],"self_link":"https://www.googleapis.com/storage/v1/b/tst-stb-spi-euw1-config","storage_class":"STANDARD","uniform_bucket_level_access":true,"url":"gs://tst-stb-spi-euw1-config","versioning":[],"website":[]},"sensitive_values":{"cors":[],"encryption":[],"labels":{},"lifecycle_rule":[],"logging":[],"retention_policy":[],"versioning":[],"website":[]}},{"address":"module.spinnaker_euw1.module.spinnaker.google_storage_bucket.hal_config","mode":"managed","type":"google_storage_bucket","name":"hal_config","provider_name":"registry.terraform.io/hashicorp/google","schema_version":0,"values":{"cors":[],"default_event_based_hold":false,"encryption":[],"force_destroy":true,"id":"tst-stb-spi-euw1-halconfig","labels":{"cmdb_id":"234089","cost_centre":"cc","dataclassification":"limited","owner":"a-harland","troux_id":"troux"},"lifecycle_rule":[],"location":"EUROPE-WEST1","logging":[],"name":"tst-stb-spi-euw1-halconfig","project":"blue-dog-piano","requester_pays":false,"retention_policy":[],"self_link":"https://www.googleapis.com/storage/v1/b/tst-stb-spi-euw1-halconfig","storage_class":"STANDARD","uniform_bucket_level_access":true,"url":"gs://tst-stb-spi-euw1-halconfig","versioning":[],"website":[]},"sensitive_values":{"cors":[],"encryption":[],"labels":{},"lifecycle_rule":[],"logging":[],"retention_policy":[],"versioning":[],"website":[]}},{"address":"module.spinnaker_euw1.module.spinnaker.google_storage_bucket.spiartifacts","mode":"managed","type":"google_storage_bucket","name":"spiartifacts","provider_name":"registry.terraform.io/hashicorp/google","schema_version":0,"values":{"cors":[],"default_event_based_hold":false,"encryption":[],"force_destroy":true,"id":"tst-stb-spi-euw1-artifacts","labels":{"cmdb_id":"234089","cost_centre":"cc","dataclassification":"limited","owner":"a-harland","troux_id":"troux"},"lifecycle_rule":[],"location":"EUROPE-WEST1","logging":[],"name":"tst-stb-spi-euw1-artifacts","project":"blue-dog-piano","requester_pays":false,"retention_policy":[],"self_link":"https://www.googleapis.com/storage/v1/b/tst-stb-spi-euw1-artifacts","storage_class":"STANDARD","uniform_bucket_level_access":true,"url":"gs://tst-stb-spi-euw1-artifacts","versioning":[],"website":[]},"sensitive_values":{"cors":[],"encryption":[],"labels":{},"lifecycle_rule":[],"logging":[],"retention_policy":[],"versioning":[],"website":[]}}],"address":"module.spinnaker_euw1.module.spinnaker"}]}]}},"resource_drift":[{"address":"module.spinnaker_euw1.module.spinnaker.google_pubsub_topic.gcr_topic","module_address":"module.spinnaker_euw1.module.spinnaker","mode":"managed","type":"google_pubsub_topic","name":"gcr_topic","provider_name":"registry.terraform.io/hashicorp/google","change":{"actions":["update"],"before":{"id":"projects/blue-dog-piano/topics/spi-spi-euw1-gcr","kms_key_name":"","labels":{"cmdb_id":"234089","cost_centre":"cc","dataclassification":"limited","owner":"a-harland","troux_id":"troux"},"message_retention_duration":null,"message_storage_policy":[{"allowed_persistence_regions":["europe-west1","europe-west2"]}],"name":"spi-spi-euw1-gcr","project":"blue-dog-piano","schema_settings":[],"timeouts":null},"after":{"id":"projects/blue-dog-piano/topics/spi-spi-euw1-gcr","kms_key_name":"","labels":{"cmdb_id":"234089","cost_centre":"cc","dataclassification":"limited","owner":"a-harland","troux_id":"troux"},"message_retention_duration":"","message_storage_policy":[{"allowed_persistence_regions":["europe-west1","europe-west2"]}],"name":"spi-spi-euw1-gcr","project":"blue-dog-piano","schema_settings":[],"timeouts":null},"before_sensitive":{"labels":{},"message_storage_policy":[{"allowed_persistence_regions":[false,false]}],"schema_settings":[]},"after_sensitive":{"labels":{},"message_storage_policy":[{"allowed_persistence_regions":[false,false]}],"schema_settings":[]}}},{"address":"module.spinnaker_euw1.module.spinnaker.google_pubsub_topic.notifications","module_address":"module.spinnaker_euw1.module.spinnaker","mode":"managed","type":"google_pubsub_topic","name":"notifications","provider_name":"registry.terraform.io/hashicorp/google","change":{"actions":["update"],"before":{"id":"projects/blue-dog-piano/topics/spi-spi-euw1-notifications","kms_key_name":"","labels":{"cmdb_id":"234089","cost_centre":"cc","dataclassification":"limited","owner":"a-harland","troux_id":"troux"},"message_retention_duration":null,"message_storage_policy":[{"allowed_persistence_regions":["europe-west1","europe-west2"]}],"name":"spi-spi-euw1-notifications","project":"blue-dog-piano","schema_settings":[],"timeouts":null},"after":{"id":"projects/blue-dog-piano/topics/spi-spi-euw1-notifications","kms_key_name":"","labels":{"cmdb_id":"234089","cost_centre":"cc","dataclassification":"limited","owner":"a-harland","troux_id":"troux"},"message_retention_duration":"","message_storage_policy":[{"allowed_persistence_regions":["europe-west1","europe-west2"]}],"name":"spi-spi-euw1-notifications","project":"blue-dog-piano","schema_settings":[],"timeouts":null},"before_sensitive":{"labels":{},"message_storage_policy":[{"allowed_persistence_regions":[false,false]}],"schema_settings":[]},"after_sensitive":{"labels":{},"message_storage_policy":[{"allowed_persistence_regions":[false,false]}],"schema_settings":[]}}},{"address":"module.spinnaker_euw1.module.spinnaker.google_pubsub_topic.gcb_topic","module_address":"module.spinnaker_euw1.module.spinnaker","mode":"managed","type":"google_pubsub_topic","name":"gcb_topic","provider_name":"registry.terraform.io/hashicorp/google","change":{"actions":["update"],"before":{"id":"projects/blue-dog-piano/topics/spi-spi-euw1-gcb","kms_key_name":"","labels":{"cmdb_id":"234089","cost_centre":"cc","dataclassification":"limited","owner":"a-harland","troux_id":"troux"},"message_retention_duration":null,"message_storage_policy":[{"allowed_persistence_regions":["europe-west1","europe-west2"]}],"name":"spi-spi-euw1-gcb","project":"blue-dog-piano","schema_settings":[],"timeouts":null},"after":{"id":"projects/blue-dog-piano/topics/spi-spi-euw1-gcb","kms_key_name":"","labels":{"cmdb_id":"234089","cost_centre":"cc","dataclassification":"limited","owner":"a-harland","troux_id":"troux"},"message_retention_duration":"","message_storage_policy":[{"allowed_persistence_regions":["europe-west1","europe-west2"]}],"name":"spi-spi-euw1-gcb","project":"blue-dog-piano","schema_settings":[],"timeouts":null},"before_sensitive":{"labels":{},"message_storage_policy":[{"allowed_persistence_regions":[false,false]}],"schema_settings":[]},"after_sensitive":{"labels":{},"message_storage_policy":[{"allowed_persistence_regions":[false,false]}],"schema_settings":[]}}},{"address":"module.notification.google_pubsub_topic.notifications","module_address":"module.notification","mode":"managed","type":"google_pubsub_topic","name":"notifications","provider_name":"registry.terraform.io/hashicorp/google","change":{"actions":["update"],"before":{"id":"projects/blue-dog-piano/topics/spi-notification-topic-ccf","kms_key_name":"","labels":{"cmdb_id":"al12345"},"message_retention_duration":null,"message_storage_policy":[],"name":"spi-notification-topic-ccf","project":"blue-dog-piano","schema_settings":[],"timeouts":null},"after":{"id":"projects/blue-dog-piano/topics/spi-notification-topic-ccf","kms_key_name":"","labels":{"cmdb_id":"al12345"},"message_retention_duration":"","message_storage_policy":[],"name":"spi-notification-topic-ccf","project":"blue-dog-piano","schema_settings":[],"timeouts":null},"before_sensitive":{"labels":{},"message_storage_policy":[],"schema_settings":[]},"after_sensitive":{"labels":{},"message_storage_policy":[],"schema_settings":[]}}}],"resource_changes":[{"address":"module.iam.google_service_account.service_account","module_address":"module.iam","mode":"managed","type":"google_service_account","name":"service_account","provider_name":"registry.terraform.io/hashicorp/google","change":{"actions":["no-op"],"before":{"account_id":"spi-editor","description":"","disabled":false,"display_name":"Service Account","email":"spi-editor@blue-dog-piano.iam.gserviceaccount.com","id":"projects/blue-dog-piano/serviceAccounts/spi-editor@blue-dog-piano.iam.gserviceaccount.com","name":"projects/blue-dog-piano/serviceAccounts/spi-editor@blue-dog-piano.iam.gserviceaccount.com","project":"blue-dog-piano","timeouts":null,"unique_id":"116558978286386860941"},"after":{"account_id":"spi-editor","description":"","disabled":false,"display_name":"Service Account","email":"spi-editor@blue-dog-piano.iam.gserviceaccount.com","id":"projects/blue-dog-piano/serviceAccounts/spi-editor@blue-dog-piano.iam.gserviceaccount.com","name":"projects/blue-dog-piano/serviceAccounts/spi-editor@blue-dog-piano.iam.gserviceaccount.com","project":"blue-dog-piano","timeouts":null,"unique_id":"116558978286386860941"},"after_unknown":{},"before_sensitive":{},"after_sensitive":{}}},{"address":"module.notification.google_pubsub_topic.notifications","module_address":"module.notification","mode":"managed","type":"google_pubsub_topic","name":"notifications","provider_name":"registry.terraform.io/hashicorp/google","change":{"actions":["delete","create"],"before":{"id":"projects/blue-dog-piano/topics/spi-notification-topic-ccf","kms_key_name":"","labels":{"cmdb_id":"al12345"},"message_retention_duration":"","message_storage_policy":[],"name":"spi-notification-topic-ccf","project":"blue-dog-piano","schema_settings":[],"timeouts":null},"after":{"kms_key_name":null,"labels":{"cmdb_id":"al12345"},"message_retention_duration":null,"name":"pe-ws-tst-psb-euwe2-desc-01","project":"blue-dog-piano","timeouts":null},"after_unknown":{"id":true,"labels":{},"message_storage_policy":true,"schema_settings":true},"before_sensitive":{"labels":{},"message_storage_policy":[],"schema_settings":[]},"after_sensitive":{"labels":{},"message_storage_policy":[],"schema_settings":[]},"replace_paths":[["name"]]},"action_reason":"replace_because_cannot_update"},{"address":"module.notification.google_pubsub_topic_iam_member.member","module_address":"module.notification","mode":"managed","type":"google_pubsub_topic_iam_member","name":"member","provider_name":"registry.terraform.io/hashicorp/google","change":{"actions":["delete","create"],"before":{"condition":[],"etag":"BwXQcFm2JBg=","id":"projects/blue-dog-piano/topics/spi-notification-topic-ccf/roles/pubsub.publisher/serviceAccount:spi-editor@blue-dog-piano.iam.gserviceaccount.com","member":"serviceAccount:spi-editor@blue-dog-piano.iam.gserviceaccount.com","project":"blue-dog-piano","role":"roles/pubsub.publisher","topic":"projects/blue-dog-piano/topics/spi-notification-topic-ccf"},"after":{"condition":[],"member":"serviceAccount:spi-editor@blue-dog-piano.iam.gserviceaccount.com","project":"blue-dog-piano","role":"roles/pubsub.publisher"},"after_unknown":{"condition":[],"etag":true,"id":true,"topic":true},"before_sensitive":{"condition":[]},"after_sensitive":{"condition":[]},"replace_paths":[["topic"]]},"action_reason":"replace_because_cannot_update"},{"address":"module.spinnaker_euw1.module.spinnaker.google_container_cluster.kcl","module_address":"module.spinnaker_euw1.module.spinnaker","mode":"managed","type":"google_container_cluster","name":"kcl","provider_name":"registry.terraform.io/hashicorp/google","change":{"actions":["no-op"],"before":{"addons_config":[{"cloudrun_config":[],"horizontal_pod_autoscaling":[],"http_load_balancing":[],"network_policy_config":[{"disabled":true}]}],"authenticator_groups_config":[],"cluster_autoscaling":[{"auto_provisioning_defaults":[],"enabled":false,"resource_limits":[]}],"cluster_ipv4_cidr":"10.0.0.0/14","confidential_nodes":[],"database_encryption":[{"key_name":"","state":"DECRYPTED"}],"datapath_provider":"","default_max_pods_per_node":null,"default_snat_status":[{"disabled":false}],"description":"","enable_autopilot":false,"enable_binary_authorization":false,"enable_intranode_visibility":false,"enable_kubernetes_alpha":false,"enable_legacy_abac":false,"enable_shielded_nodes":true,"enable_tpu":false,"endpoint":"35.241.137.35","id":"projects/blue-dog-piano/locations/europe-west1/clusters/spi-euw1","initial_node_count":1,"ip_allocation_policy":[],"label_fingerprint":"a9dc16a7","location":"europe-west1","logging_config":[{"enable_components":["SYSTEM_COMPONENTS","WORKLOADS"]}],"logging_service":"logging.googleapis.com/kubernetes","maintenance_policy":[],"master_auth":[{"client_certificate":"","client_certificate_config":[{"issue_client_certificate":false}],"client_key":"","cluster_ca_certificate":"LS0tLS1CRUdJTiBDRVJUSUZJQ0FURS0tLS0tCk1JSUVMRENDQXBTZ0F3SUJBZ0lRUzN1cno2UHRUOVZraGU2WlpGTlVhREFOQmdrcWhraUc5dzBCQVFzRkFEQXYKTVMwd0t3WURWUVFERXlRNVlqVXdaakF5TUMxaU5EVTFMVFE0WkdRdFlUTTRZUzFpT1dJMU5qSXlObU5rWkdZdwpJQmNOTWpFeE1URXdNRGt5TkRJeVdoZ1BNakExTVRFeE1ETXhNREkwTWpKYU1DOHhMVEFyQmdOVkJBTVRKRGxpCk5UQm1NREl3TFdJME5UVXRORGhrWkMxaE16aGhMV0k1WWpVMk1qSTJZMlJrWmpDQ0FhSXdEUVlKS29aSWh2Y04KQVFFQkJRQURnZ0dQQURDQ0FZb0NnZ0dCQU1zWkI3QlpNYW1zMVIzcWRWZDRFeHJBTms0UjZWaWZVejdLYmxGNwp5MlJ6eFRQK1RoandQaUx2RlhLM3RLRlNnTnhVN1JLUWhwcHhuMnpXRkk1bytGdTFXMm0vajd5dFIwanN3SWRXCkVGWm96aEl6NGVsTW16RTZQbVZBSU85NSttN1JxNTRkZ3BKQVVmM1E1c3BORFF6dWNIaVFOVFBsU3dlM25TTDkKMFJJcldnVGtzRUxDdXhrTWk5c2RMQUc2bjh6NklIeW9oTXpVUUtRdm9CamdITzlINXMzOVVPRVdRUkswNWhPdgp5YmV3aklYS3VFNGdDalZDRmw0Q0Rkc21DcVBHbGJOWkJnRGJOZjc1R21HK21OdVlLYWc1aGlsZXRhVGVHNjZjCk5FSHpzYk9hMmdvSjdxMXRtbkFQeVU1KzE3bTRpbHhqNkpBZ2NiQ2lKUXlxWExHMDRQRFlHVUhDRFlKSXNzK0kKamlXVFJGSlFYb3Y4S2tJbEFKY25nVjFwakxBejh4TGNKR2hsYnBGSElZZlkrdWZtS2hUMmtQV2tmWHpiR3JxWgpkK2lXeUtZUXgzSUZxNEdHUmprUkt0c1oyWkNtdGpXVkVUbXdrQ01XaW5lY3h3QVY5OFJLbDVkc3VIMTllNWhjCmZGTFFBMXV4UDF6NzJMM3QwZlZtTlZFQURRSURBUUFCbzBJd1FEQU9CZ05WSFE4QkFmOEVCQU1DQWdRd0R3WUQKVlIwVEFRSC9CQVV3QXdFQi96QWRCZ05WSFE0RUZnUVVTd3V6MnhkN0hLUytGYjEvdUVaQVZ3RHdEU1F3RFFZSgpLb1pJaHZjTkFRRUxCUUFEZ2dHQkFBK01GZjhKdUxpekUxVFY0cWI4ZzBEVkcxTzEyMmJpRXZFNFpxTlZYNGFKClZweWN0U3ZRTXc5MjBqT2s4YmNST0pUU3FFTjBsZ0JKbCtIaE82L20xTEhIZEJyNk8vd3RrdmY2aUZ6Unk0ODcKWFZtTURpYUVrdnB1RmZYWjR0TXBabFhIQVBXbHcvdnJjWDVCYkdNNjVBOTZVdWtaYTdISm0zRmJpaU5RUzlGKwppZW5zUmdtbmY0UlFiR0NoU0FGam5Wa1JIRnduT0ZybGlSdjNkYW5QZzFrS1psRDlGQTR2ZFE0dVA1RXFsVkFTCjNTcmxNSEFHZnVaUEwyNmtkc3FwOTFiU2Rjb0VyeGJUTFAvS1B3YzRRYUkwSkVwZHdWWnVEczc3TjFpR3kzTXUKYXpmRmpUMUllc0FBUGtFZjFyZFpoYnlpUWRwMWVPNk9LbFBpUVZTMnhYTGhCS3VFM09nbEZMRldWMktIQVYzOApJMERuV1ZHU2ZVcU9UWDJJM2VlUWovMHJzVjZ1SWt5ZjArME9HVytNN3VtcU5udHkwckN0VGFBVDVEL0JBSEVoCkxITWNQWUxRbERGT1NtZitNcURpSEdmdXJEZld2aFJxeElMaklWclEzb25WbXJqNVdyakUvSzQ5NUFGRkZtemcKaVB0V3JoTFJQaGlLVjZ5ekRhR1hWdz09Ci0tLS0tRU5EIENFUlRJRklDQVRFLS0tLS0K"}],"master_authorized_networks_config":[],"master_version":"1.20.10-gke.1600","min_master_version":null,"monitoring_config":[{"enable_components":["SYSTEM_COMPONENTS"]}],"monitoring_service":"monitoring.googleapis.com/kubernetes","name":"spi-euw1","network":"projects/blue-dog-piano/global/networks/default","network_policy":[{"enabled":false,"provider":"PROVIDER_UNSPECIFIED"}],"networking_mode":"ROUTES","node_config":[],"node_locations":["europe-west1-b","europe-west1-c","europe-west1-d"],"node_pool":[],"node_version":"1.20.10-gke.1600","operation":null,"private_cluster_config":[],"private_ipv6_google_access":"","project":"blue-dog-piano","release_channel":[{"channel":"REGULAR"}],"remove_default_node_pool":true,"resource_labels":{},"resource_usage_export_config":[],"self_link":"https://container.googleapis.com/v1/projects/blue-dog-piano/locations/europe-west1/clusters/spi-euw1","services_ipv4_cidr":"10.3.240.0/20","subnetwork":"projects/blue-dog-piano/regions/europe-west1/subnetworks/default","timeouts":null,"tpu_ipv4_cidr_block":"","vertical_pod_autoscaling":[],"workload_identity_config":[]},"after":{"addons_config":[{"cloudrun_config":[],"horizontal_pod_autoscaling":[],"http_load_balancing":[],"network_policy_config":[{"disabled":true}]}],"authenticator_groups_config":[],"cluster_autoscaling":[{"auto_provisioning_defaults":[],"enabled":false,"resource_limits":[]}],"cluster_ipv4_cidr":"10.0.0.0/14","confidential_nodes":[],"database_encryption":[{"key_name":"","state":"DECRYPTED"}],"datapath_provider":"","default_max_pods_per_node":null,"default_snat_status":[{"disabled":false}],"description":"","enable_autopilot":false,"enable_binary_authorization":false,"enable_intranode_visibility":false,"enable_kubernetes_alpha":false,"enable_legacy_abac":false,"enable_shielded_nodes":true,"enable_tpu":false,"endpoint":"35.241.137.35","id":"projects/blue-dog-piano/locations/europe-west1/clusters/spi-euw1","initial_node_count":1,"ip_allocation_policy":[],"label_fingerprint":"a9dc16a7","location":"europe-west1","logging_config":[{"enable_components":["SYSTEM_COMPONENTS","WORKLOADS"]}],"logging_service":"logging.googleapis.com/kubernetes","maintenance_policy":[],"master_auth":[{"client_certificate":"","client_certificate_config":[{"issue_client_certificate":false}],"client_key":"","cluster_ca_certificate":"LS0tLS1CRUdJTiBDRVJUSUZJQ0FURS0tLS0tCk1JSUVMRENDQXBTZ0F3SUJBZ0lRUzN1cno2UHRUOVZraGU2WlpGTlVhREFOQmdrcWhraUc5dzBCQVFzRkFEQXYKTVMwd0t3WURWUVFERXlRNVlqVXdaakF5TUMxaU5EVTFMVFE0WkdRdFlUTTRZUzFpT1dJMU5qSXlObU5rWkdZdwpJQmNOTWpFeE1URXdNRGt5TkRJeVdoZ1BNakExTVRFeE1ETXhNREkwTWpKYU1DOHhMVEFyQmdOVkJBTVRKRGxpCk5UQm1NREl3TFdJME5UVXRORGhrWkMxaE16aGhMV0k1WWpVMk1qSTJZMlJrWmpDQ0FhSXdEUVlKS29aSWh2Y04KQVFFQkJRQURnZ0dQQURDQ0FZb0NnZ0dCQU1zWkI3QlpNYW1zMVIzcWRWZDRFeHJBTms0UjZWaWZVejdLYmxGNwp5MlJ6eFRQK1RoandQaUx2RlhLM3RLRlNnTnhVN1JLUWhwcHhuMnpXRkk1bytGdTFXMm0vajd5dFIwanN3SWRXCkVGWm96aEl6NGVsTW16RTZQbVZBSU85NSttN1JxNTRkZ3BKQVVmM1E1c3BORFF6dWNIaVFOVFBsU3dlM25TTDkKMFJJcldnVGtzRUxDdXhrTWk5c2RMQUc2bjh6NklIeW9oTXpVUUtRdm9CamdITzlINXMzOVVPRVdRUkswNWhPdgp5YmV3aklYS3VFNGdDalZDRmw0Q0Rkc21DcVBHbGJOWkJnRGJOZjc1R21HK21OdVlLYWc1aGlsZXRhVGVHNjZjCk5FSHpzYk9hMmdvSjdxMXRtbkFQeVU1KzE3bTRpbHhqNkpBZ2NiQ2lKUXlxWExHMDRQRFlHVUhDRFlKSXNzK0kKamlXVFJGSlFYb3Y4S2tJbEFKY25nVjFwakxBejh4TGNKR2hsYnBGSElZZlkrdWZtS2hUMmtQV2tmWHpiR3JxWgpkK2lXeUtZUXgzSUZxNEdHUmprUkt0c1oyWkNtdGpXVkVUbXdrQ01XaW5lY3h3QVY5OFJLbDVkc3VIMTllNWhjCmZGTFFBMXV4UDF6NzJMM3QwZlZtTlZFQURRSURBUUFCbzBJd1FEQU9CZ05WSFE4QkFmOEVCQU1DQWdRd0R3WUQKVlIwVEFRSC9CQVV3QXdFQi96QWRCZ05WSFE0RUZnUVVTd3V6MnhkN0hLUytGYjEvdUVaQVZ3RHdEU1F3RFFZSgpLb1pJaHZjTkFRRUxCUUFEZ2dHQkFBK01GZjhKdUxpekUxVFY0cWI4ZzBEVkcxTzEyMmJpRXZFNFpxTlZYNGFKClZweWN0U3ZRTXc5MjBqT2s4YmNST0pUU3FFTjBsZ0JKbCtIaE82L20xTEhIZEJyNk8vd3RrdmY2aUZ6Unk0ODcKWFZtTURpYUVrdnB1RmZYWjR0TXBabFhIQVBXbHcvdnJjWDVCYkdNNjVBOTZVdWtaYTdISm0zRmJpaU5RUzlGKwppZW5zUmdtbmY0UlFiR0NoU0FGam5Wa1JIRnduT0ZybGlSdjNkYW5QZzFrS1psRDlGQTR2ZFE0dVA1RXFsVkFTCjNTcmxNSEFHZnVaUEwyNmtkc3FwOTFiU2Rjb0VyeGJUTFAvS1B3YzRRYUkwSkVwZHdWWnVEczc3TjFpR3kzTXUKYXpmRmpUMUllc0FBUGtFZjFyZFpoYnlpUWRwMWVPNk9LbFBpUVZTMnhYTGhCS3VFM09nbEZMRldWMktIQVYzOApJMERuV1ZHU2ZVcU9UWDJJM2VlUWovMHJzVjZ1SWt5ZjArME9HVytNN3VtcU5udHkwckN0VGFBVDVEL0JBSEVoCkxITWNQWUxRbERGT1NtZitNcURpSEdmdXJEZld2aFJxeElMaklWclEzb25WbXJqNVdyakUvSzQ5NUFGRkZtemcKaVB0V3JoTFJQaGlLVjZ5ekRhR1hWdz09Ci0tLS0tRU5EIENFUlRJRklDQVRFLS0tLS0K"}],"master_authorized_networks_config":[],"master_version":"1.20.10-gke.1600","min_master_version":null,"monitoring_config":[{"enable_components":["SYSTEM_COMPONENTS"]}],"monitoring_service":"monitoring.googleapis.com/kubernetes","name":"spi-euw1","network":"projects/blue-dog-piano/global/networks/default","network_policy":[{"enabled":false,"provider":"PROVIDER_UNSPECIFIED"}],"networking_mode":"ROUTES","node_config":[],"node_locations":["europe-west1-b","europe-west1-c","europe-west1-d"],"node_pool":[],"node_version":"1.20.10-gke.1600","operation":null,"private_cluster_config":[],"private_ipv6_google_access":"","project":"blue-dog-piano","release_channel":[{"channel":"REGULAR"}],"remove_default_node_pool":true,"resource_labels":{},"resource_usage_export_config":[],"self_link":"https://container.googleapis.com/v1/projects/blue-dog-piano/locations/europe-west1/clusters/spi-euw1","services_ipv4_cidr":"10.3.240.0/20","subnetwork":"projects/blue-dog-piano/regions/europe-west1/subnetworks/default","timeouts":null,"tpu_ipv4_cidr_block":"","vertical_pod_autoscaling":[],"workload_identity_config":[]},"after_unknown":{},"before_sensitive":{"addons_config":[{"cloudrun_config":[],"horizontal_pod_autoscaling":[],"http_load_balancing":[],"network_policy_config":[{}]}],"authenticator_groups_config":[],"cluster_autoscaling":[{"auto_provisioning_defaults":[],"resource_limits":[]}],"confidential_nodes":[],"database_encryption":[{}],"default_snat_status":[{}],"ip_allocation_policy":[],"logging_config":[{"enable_components":[false,false]}],"maintenance_policy":[],"master_auth":[{"client_certificate_config":[{}],"client_key":true}],"master_authorized_networks_config":[],"monitoring_config":[{"enable_components":[false]}],"network_policy":[{}],"node_config":[],"node_locations":[false,false,false],"node_pool":[],"private_cluster_config":[],"release_channel":[{}],"resource_labels":{},"resource_usage_export_config":[],"vertical_pod_autoscaling":[],"workload_identity_config":[]},"after_sensitive":{"addons_config":[{"cloudrun_config":[],"horizontal_pod_autoscaling":[],"http_load_balancing":[],"network_policy_config":[{}]}],"authenticator_groups_config":[],"cluster_autoscaling":[{"auto_provisioning_defaults":[],"resource_limits":[]}],"confidential_nodes":[],"database_encryption":[{}],"default_snat_status":[{}],"ip_allocation_policy":[],"logging_config":[{"enable_components":[false,false]}],"maintenance_policy":[],"master_auth":[{"client_certificate_config":[{}],"client_key":true}],"master_authorized_networks_config":[],"monitoring_config":[{"enable_components":[false]}],"network_policy":[{}],"node_config":[],"node_locations":[false,false,false],"node_pool":[],"private_cluster_config":[],"release_channel":[{}],"resource_labels":{},"resource_usage_export_config":[],"vertical_pod_autoscaling":[],"workload_identity_config":[]}}},{"address":"module.spinnaker_euw1.module.spinnaker.google_pubsub_topic.gcb_topic","module_address":"module.spinnaker_euw1.module.spinnaker","mode":"managed","type":"google_pubsub_topic","name":"gcb_topic","provider_name":"registry.terraform.io/hashicorp/google","change":{"actions":["no-op"],"before":{"id":"projects/blue-dog-piano/topics/spi-spi-euw1-gcb","kms_key_name":"","labels":{"cmdb_id":"234089","cost_centre":"cc","dataclassification":"limited","owner":"a-harland","troux_id":"troux"},"message_retention_duration":"","message_storage_policy":[{"allowed_persistence_regions":["europe-west1","europe-west2"]}],"name":"spi-spi-euw1-gcb","project":"blue-dog-piano","schema_settings":[],"timeouts":null},"after":{"id":"projects/blue-dog-piano/topics/spi-spi-euw1-gcb","kms_key_name":"","labels":{"cmdb_id":"234089","cost_centre":"cc","dataclassification":"limited","owner":"a-harland","troux_id":"troux"},"message_retention_duration":"","message_storage_policy":[{"allowed_persistence_regions":["europe-west1","europe-west2"]}],"name":"spi-spi-euw1-gcb","project":"blue-dog-piano","schema_settings":[],"timeouts":null},"after_unknown":{},"before_sensitive":{"labels":{},"message_storage_policy":[{"allowed_persistence_regions":[false,false]}],"schema_settings":[]},"after_sensitive":{"labels":{},"message_storage_policy":[{"allowed_persistence_regions":[false,false]}],"schema_settings":[]}}},{"address":"module.spinnaker_euw1.module.spinnaker.google_pubsub_topic.gcr_topic","module_address":"module.spinnaker_euw1.module.spinnaker","mode":"managed","type":"google_pubsub_topic","name":"gcr_topic","provider_name":"registry.terraform.io/hashicorp/google","change":{"actions":["no-op"],"before":{"id":"projects/blue-dog-piano/topics/spi-spi-euw1-gcr","kms_key_name":"","labels":{"cmdb_id":"234089","cost_centre":"cc","dataclassification":"limited","owner":"a-harland","troux_id":"troux"},"message_retention_duration":"","message_storage_policy":[{"allowed_persistence_regions":["europe-west1","europe-west2"]}],"name":"spi-spi-euw1-gcr","project":"blue-dog-piano","schema_settings":[],"timeouts":null},"after":{"id":"projects/blue-dog-piano/topics/spi-spi-euw1-gcr","kms_key_name":"","labels":{"cmdb_id":"234089","cost_centre":"cc","dataclassification":"limited","owner":"a-harland","troux_id":"troux"},"message_retention_duration":"","message_storage_policy":[{"allowed_persistence_regions":["europe-west1","europe-west2"]}],"name":"spi-spi-euw1-gcr","project":"blue-dog-piano","schema_settings":[],"timeouts":null},"after_unknown":{},"before_sensitive":{"labels":{},"message_storage_policy":[{"allowed_persistence_regions":[false,false]}],"schema_settings":[]},"after_sensitive":{"labels":{},"message_storage_policy":[{"allowed_persistence_regions":[false,false]}],"schema_settings":[]}}},{"address":"module.spinnaker_euw1.module.spinnaker.google_pubsub_topic.notifications","module_address":"module.spinnaker_euw1.module.spinnaker","mode":"managed","type":"google_pubsub_topic","name":"notifications","provider_name":"registry.terraform.io/hashicorp/google","change":{"actions":["no-op"],"before":{"id":"projects/blue-dog-piano/topics/spi-spi-euw1-notifications","kms_key_name":"","labels":{"cmdb_id":"234089","cost_centre":"cc","dataclassification":"limited","owner":"a-harland","troux_id":"troux"},"message_retention_duration":"","message_storage_policy":[{"allowed_persistence_regions":["europe-west1","europe-west2"]}],"name":"spi-spi-euw1-notifications","project":"blue-dog-piano","schema_settings":[],"timeouts":null},"after":{"id":"projects/blue-dog-piano/topics/spi-spi-euw1-notifications","kms_key_name":"","labels":{"cmdb_id":"234089","cost_centre":"cc","dataclassification":"limited","owner":"a-harland","troux_id":"troux"},"message_retention_duration":"","message_storage_policy":[{"allowed_persistence_regions":["europe-west1","europe-west2"]}],"name":"spi-spi-euw1-notifications","project":"blue-dog-piano","schema_settings":[],"timeouts":null},"after_unknown":{},"before_sensitive":{"labels":{},"message_storage_policy":[{"allowed_persistence_regions":[false,false]}],"schema_settings":[]},"after_sensitive":{"labels":{},"message_storage_policy":[{"allowed_persistence_regions":[false,false]}],"schema_settings":[]}}},{"address":"module.spinnaker_euw1.module.spinnaker.google_storage_bucket.config","module_address":"module.spinnaker_euw1.module.spinnaker","mode":"managed","type":"google_storage_bucket","name":"config","provider_name":"registry.terraform.io/hashicorp/google","change":{"actions":["no-op"],"before":{"cors":[],"default_event_based_hold":false,"encryption":[],"force_destroy":true,"id":"tst-stb-spi-euw1-config","labels":{"cmdb_id":"234089","cost_centre":"cc","dataclassification":"limited","owner":"a-harland","troux_id":"troux"},"lifecycle_rule":[],"location":"EUROPE-WEST1","logging":[],"name":"tst-stb-spi-euw1-config","project":"blue-dog-piano","requester_pays":false,"retention_policy":[],"self_link":"https://www.googleapis.com/storage/v1/b/tst-stb-spi-euw1-config","storage_class":"STANDARD","uniform_bucket_level_access":true,"url":"gs://tst-stb-spi-euw1-config","versioning":[],"website":[]},"after":{"cors":[],"default_event_based_hold":false,"encryption":[],"force_destroy":true,"id":"tst-stb-spi-euw1-config","labels":{"cmdb_id":"234089","cost_centre":"cc","dataclassification":"limited","owner":"a-harland","troux_id":"troux"},"lifecycle_rule":[],"location":"EUROPE-WEST1","logging":[],"name":"tst-stb-spi-euw1-config","project":"blue-dog-piano","requester_pays":false,"retention_policy":[],"self_link":"https://www.googleapis.com/storage/v1/b/tst-stb-spi-euw1-config","storage_class":"STANDARD","uniform_bucket_level_access":true,"url":"gs://tst-stb-spi-euw1-config","versioning":[],"website":[]},"after_unknown":{},"before_sensitive":{"cors":[],"encryption":[],"labels":{},"lifecycle_rule":[],"logging":[],"retention_policy":[],"versioning":[],"website":[]},"after_sensitive":{"cors":[],"encryption":[],"labels":{},"lifecycle_rule":[],"logging":[],"retention_policy":[],"versioning":[],"website":[]}}},{"address":"module.spinnaker_euw1.module.spinnaker.google_storage_bucket.hal_config","module_address":"module.spinnaker_euw1.module.spinnaker","mode":"managed","type":"google_storage_bucket","name":"hal_config","provider_name":"registry.terraform.io/hashicorp/google","change":{"actions":["no-op"],"before":{"cors":[],"default_event_based_hold":false,"encryption":[],"force_destroy":true,"id":"tst-stb-spi-euw1-halconfig","labels":{"cmdb_id":"234089","cost_centre":"cc","dataclassification":"limited","owner":"a-harland","troux_id":"troux"},"lifecycle_rule":[],"location":"EUROPE-WEST1","logging":[],"name":"tst-stb-spi-euw1-halconfig","project":"blue-dog-piano","requester_pays":false,"retention_policy":[],"self_link":"https://www.googleapis.com/storage/v1/b/tst-stb-spi-euw1-halconfig","storage_class":"STANDARD","uniform_bucket_level_access":true,"url":"gs://tst-stb-spi-euw1-halconfig","versioning":[],"website":[]},"after":{"cors":[],"default_event_based_hold":false,"encryption":[],"force_destroy":true,"id":"tst-stb-spi-euw1-halconfig","labels":{"cmdb_id":"234089","cost_centre":"cc","dataclassification":"limited","owner":"a-harland","troux_id":"troux"},"lifecycle_rule":[],"location":"EUROPE-WEST1","logging":[],"name":"tst-stb-spi-euw1-halconfig","project":"blue-dog-piano","requester_pays":false,"retention_policy":[],"self_link":"https://www.googleapis.com/storage/v1/b/tst-stb-spi-euw1-halconfig","storage_class":"STANDARD","uniform_bucket_level_access":true,"url":"gs://tst-stb-spi-euw1-halconfig","versioning":[],"website":[]},"after_unknown":{},"before_sensitive":{"cors":[],"encryption":[],"labels":{},"lifecycle_rule":[],"logging":[],"retention_policy":[],"versioning":[],"website":[]},"after_sensitive":{"cors":[],"encryption":[],"labels":{},"lifecycle_rule":[],"logging":[],"retention_policy":[],"versioning":[],"website":[]}}},{"address":"module.spinnaker_euw1.module.spinnaker.google_storage_bucket.spiartifacts","module_address":"module.spinnaker_euw1.module.spinnaker","mode":"managed","type":"google_storage_bucket","name":"spiartifacts","provider_name":"registry.terraform.io/hashicorp/google","change":{"actions":["no-op"],"before":{"cors":[],"default_event_based_hold":false,"encryption":[],"force_destroy":true,"id":"tst-stb-spi-euw1-artifacts","labels":{"cmdb_id":"234089","cost_centre":"cc","dataclassification":"limited","owner":"a-harland","troux_id":"troux"},"lifecycle_rule":[],"location":"EUROPE-WEST1","logging":[],"name":"tst-stb-spi-euw1-artifacts","project":"blue-dog-piano","requester_pays":false,"retention_policy":[],"self_link":"https://www.googleapis.com/storage/v1/b/tst-stb-spi-euw1-artifacts","storage_class":"STANDARD","uniform_bucket_level_access":true,"url":"gs://tst-stb-spi-euw1-artifacts","versioning":[],"website":[]},"after":{"cors":[],"default_event_based_hold":false,"encryption":[],"force_destroy":true,"id":"tst-stb-spi-euw1-artifacts","labels":{"cmdb_id":"234089","cost_centre":"cc","dataclassification":"limited","owner":"a-harland","troux_id":"troux"},"lifecycle_rule":[],"location":"EUROPE-WEST1","logging":[],"name":"tst-stb-spi-euw1-artifacts","project":"blue-dog-piano","requester_pays":false,"retention_policy":[],"self_link":"https://www.googleapis.com/storage/v1/b/tst-stb-spi-euw1-artifacts","storage_class":"STANDARD","uniform_bucket_level_access":true,"url":"gs://tst-stb-spi-euw1-artifacts","versioning":[],"website":[]},"after_unknown":{},"before_sensitive":{"cors":[],"encryption":[],"labels":{},"lifecycle_rule":[],"logging":[],"retention_policy":[],"versioning":[],"website":[]},"after_sensitive":{"cors":[],"encryption":[],"labels":{},"lifecycle_rule":[],"logging":[],"retention_policy":[],"versioning":[],"website":[]}}}],"prior_state":{"format_version":"0.2","terraform_version":"1.0.10","values":{"root_module":{"resources":[{"address":"data.terraform_remote_state.project","mode":"data","type":"terraform_remote_state","name":"project","provider_name":"terraform.io/builtin/terraform","schema_version":0,"values":{"backend":"remote","config":{"organization":"harland","workspaces":{"name":"tf-native-project-tst"}},"defaults":null,"outputs":{"env":"tst","kms_crypto_key":"kms-key","kms_key_ring":"kms-eu-mgmt","kms_project_id":"kms-project-id","project_id":"blue-dog-piano","project_number":"8998239489"},"workspace":null},"sensitive_values":{"config":{"workspaces":{}},"outputs":{}}}],"child_modules":[{"resources":[{"address":"module.iam.google_service_account.service_account","mode":"managed","type":"google_service_account","name":"service_account","provider_name":"registry.terraform.io/hashicorp/google","schema_version":0,"values":{"account_id":"spi-editor","description":"","disabled":false,"display_name":"Service Account","email":"spi-editor@blue-dog-piano.iam.gserviceaccount.com","id":"projects/blue-dog-piano/serviceAccounts/spi-editor@blue-dog-piano.iam.gserviceaccount.com","name":"projects/blue-dog-piano/serviceAccounts/spi-editor@blue-dog-piano.iam.gserviceaccount.com","project":"blue-dog-piano","timeouts":null,"unique_id":"116558978286386860941"},"sensitive_values":{}}],"address":"module.iam"},{"resources":[{"address":"module.notification.google_pubsub_topic.notifications","mode":"managed","type":"google_pubsub_topic","name":"notifications","provider_name":"registry.terraform.io/hashicorp/google","schema_version":0,"values":{"id":"projects/blue-dog-piano/topics/spi-notification-topic-ccf","kms_key_name":"","labels":{"cmdb_id":"al12345"},"message_retention_duration":"","message_storage_policy":[],"name":"spi-notification-topic-ccf","project":"blue-dog-piano","schema_settings":[],"timeouts":null},"sensitive_values":{"labels":{},"message_storage_policy":[],"schema_settings":[]},"depends_on":["data.terraform_remote_state.project"]},{"address":"module.notification.google_pubsub_topic_iam_member.member","mode":"managed","type":"google_pubsub_topic_iam_member","name":"member","provider_name":"registry.terraform.io/hashicorp/google","schema_version":0,"values":{"condition":[],"etag":"BwXQcFm2JBg=","id":"projects/blue-dog-piano/topics/spi-notification-topic-ccf/roles/pubsub.publisher/serviceAccount:spi-editor@blue-dog-piano.iam.gserviceaccount.com","member":"serviceAccount:spi-editor@blue-dog-piano.iam.gserviceaccount.com","project":"blue-dog-piano","role":"roles/pubsub.publisher","topic":"projects/blue-dog-piano/topics/spi-notification-topic-ccf"},"sensitive_values":{"condition":[]},"depends_on":["data.terraform_remote_state.project","module.iam.google_service_account.service_account","module.notification.google_pubsub_topic.notifications"]}],"address":"module.notification"},{"address":"module.spinnaker_euw1","child_modules":[{"resources":[{"address":"module.spinnaker_euw1.module.spinnaker.google_container_cluster.kcl","mode":"managed","type":"google_container_cluster","name":"kcl","provider_name":"registry.terraform.io/hashicorp/google","schema_version":1,"values":{"addons_config":[{"cloudrun_config":[],"horizontal_pod_autoscaling":[],"http_load_balancing":[],"network_policy_config":[{"disabled":true}]}],"authenticator_groups_config":[],"cluster_autoscaling":[{"auto_provisioning_defaults":[],"enabled":false,"resource_limits":[]}],"cluster_ipv4_cidr":"10.0.0.0/14","confidential_nodes":[],"database_encryption":[{"key_name":"","state":"DECRYPTED"}],"datapath_provider":"","default_max_pods_per_node":null,"default_snat_status":[{"disabled":false}],"description":"","enable_autopilot":false,"enable_binary_authorization":false,"enable_intranode_visibility":false,"enable_kubernetes_alpha":false,"enable_legacy_abac":false,"enable_shielded_nodes":true,"enable_tpu":false,"endpoint":"35.241.137.35","id":"projects/blue-dog-piano/locations/europe-west1/clusters/spi-euw1","initial_node_count":1,"ip_allocation_policy":[],"label_fingerprint":"a9dc16a7","location":"europe-west1","logging_config":[{"enable_components":["SYSTEM_COMPONENTS","WORKLOADS"]}],"logging_service":"logging.googleapis.com/kubernetes","maintenance_policy":[],"master_auth":[{"client_certificate":"","client_certificate_config":[{"issue_client_certificate":false}],"client_key":"","cluster_ca_certificate":"LS0tLS1CRUdJTiBDRVJUSUZJQ0FURS0tLS0tCk1JSUVMRENDQXBTZ0F3SUJBZ0lRUzN1cno2UHRUOVZraGU2WlpGTlVhREFOQmdrcWhraUc5dzBCQVFzRkFEQXYKTVMwd0t3WURWUVFERXlRNVlqVXdaakF5TUMxaU5EVTFMVFE0WkdRdFlUTTRZUzFpT1dJMU5qSXlObU5rWkdZdwpJQmNOTWpFeE1URXdNRGt5TkRJeVdoZ1BNakExTVRFeE1ETXhNREkwTWpKYU1DOHhMVEFyQmdOVkJBTVRKRGxpCk5UQm1NREl3TFdJME5UVXRORGhrWkMxaE16aGhMV0k1WWpVMk1qSTJZMlJrWmpDQ0FhSXdEUVlKS29aSWh2Y04KQVFFQkJRQURnZ0dQQURDQ0FZb0NnZ0dCQU1zWkI3QlpNYW1zMVIzcWRWZDRFeHJBTms0UjZWaWZVejdLYmxGNwp5MlJ6eFRQK1RoandQaUx2RlhLM3RLRlNnTnhVN1JLUWhwcHhuMnpXRkk1bytGdTFXMm0vajd5dFIwanN3SWRXCkVGWm96aEl6NGVsTW16RTZQbVZBSU85NSttN1JxNTRkZ3BKQVVmM1E1c3BORFF6dWNIaVFOVFBsU3dlM25TTDkKMFJJcldnVGtzRUxDdXhrTWk5c2RMQUc2bjh6NklIeW9oTXpVUUtRdm9CamdITzlINXMzOVVPRVdRUkswNWhPdgp5YmV3aklYS3VFNGdDalZDRmw0Q0Rkc21DcVBHbGJOWkJnRGJOZjc1R21HK21OdVlLYWc1aGlsZXRhVGVHNjZjCk5FSHpzYk9hMmdvSjdxMXRtbkFQeVU1KzE3bTRpbHhqNkpBZ2NiQ2lKUXlxWExHMDRQRFlHVUhDRFlKSXNzK0kKamlXVFJGSlFYb3Y4S2tJbEFKY25nVjFwakxBejh4TGNKR2hsYnBGSElZZlkrdWZtS2hUMmtQV2tmWHpiR3JxWgpkK2lXeUtZUXgzSUZxNEdHUmprUkt0c1oyWkNtdGpXVkVUbXdrQ01XaW5lY3h3QVY5OFJLbDVkc3VIMTllNWhjCmZGTFFBMXV4UDF6NzJMM3QwZlZtTlZFQURRSURBUUFCbzBJd1FEQU9CZ05WSFE4QkFmOEVCQU1DQWdRd0R3WUQKVlIwVEFRSC9CQVV3QXdFQi96QWRCZ05WSFE0RUZnUVVTd3V6MnhkN0hLUytGYjEvdUVaQVZ3RHdEU1F3RFFZSgpLb1pJaHZjTkFRRUxCUUFEZ2dHQkFBK01GZjhKdUxpekUxVFY0cWI4ZzBEVkcxTzEyMmJpRXZFNFpxTlZYNGFKClZweWN0U3ZRTXc5MjBqT2s4YmNST0pUU3FFTjBsZ0JKbCtIaE82L20xTEhIZEJyNk8vd3RrdmY2aUZ6Unk0ODcKWFZtTURpYUVrdnB1RmZYWjR0TXBabFhIQVBXbHcvdnJjWDVCYkdNNjVBOTZVdWtaYTdISm0zRmJpaU5RUzlGKwppZW5zUmdtbmY0UlFiR0NoU0FGam5Wa1JIRnduT0ZybGlSdjNkYW5QZzFrS1psRDlGQTR2ZFE0dVA1RXFsVkFTCjNTcmxNSEFHZnVaUEwyNmtkc3FwOTFiU2Rjb0VyeGJUTFAvS1B3YzRRYUkwSkVwZHdWWnVEczc3TjFpR3kzTXUKYXpmRmpUMUllc0FBUGtFZjFyZFpoYnlpUWRwMWVPNk9LbFBpUVZTMnhYTGhCS3VFM09nbEZMRldWMktIQVYzOApJMERuV1ZHU2ZVcU9UWDJJM2VlUWovMHJzVjZ1SWt5ZjArME9HVytNN3VtcU5udHkwckN0VGFBVDVEL0JBSEVoCkxITWNQWUxRbERGT1NtZitNcURpSEdmdXJEZld2aFJxeElMaklWclEzb25WbXJqNVdyakUvSzQ5NUFGRkZtemcKaVB0V3JoTFJQaGlLVjZ5ekRhR1hWdz09Ci0tLS0tRU5EIENFUlRJRklDQVRFLS0tLS0K"}],"master_authorized_networks_config":[],"master_version":"1.20.10-gke.1600","min_master_version":null,"monitoring_config":[{"enable_components":["SYSTEM_COMPONENTS"]}],"monitoring_service":"monitoring.googleapis.com/kubernetes","name":"spi-euw1","network":"projects/blue-dog-piano/global/networks/default","network_policy":[{"enabled":false,"provider":"PROVIDER_UNSPECIFIED"}],"networking_mode":"ROUTES","node_config":[],"node_locations":["europe-west1-b","europe-west1-c","europe-west1-d"],"node_pool":[],"node_version":"1.20.10-gke.1600","operation":null,"private_cluster_config":[],"private_ipv6_google_access":"","project":"blue-dog-piano","release_channel":[{"channel":"REGULAR"}],"remove_default_node_pool":true,"resource_labels":{},"resource_usage_export_config":[],"self_link":"https://container.googleapis.com/v1/projects/blue-dog-piano/locations/europe-west1/clusters/spi-euw1","services_ipv4_cidr":"10.3.240.0/20","subnetwork":"projects/blue-dog-piano/regions/europe-west1/subnetworks/default","timeouts":null,"tpu_ipv4_cidr_block":"","vertical_pod_autoscaling":[],"workload_identity_config":[]},"sensitive_values":{"addons_config":[{"cloudrun_config":[],"horizontal_pod_autoscaling":[],"http_load_balancing":[],"network_policy_config":[{}]}],"authenticator_groups_config":[],"cluster_autoscaling":[{"auto_provisioning_defaults":[],"resource_limits":[]}],"confidential_nodes":[],"database_encryption":[{}],"default_snat_status":[{}],"ip_allocation_policy":[],"logging_config":[{"enable_components":[false,false]}],"maintenance_policy":[],"master_auth":[{"client_certificate_config":[{}]}],"master_authorized_networks_config":[],"monitoring_config":[{"enable_components":[false]}],"network_policy":[{}],"node_config":[],"node_locations":[false,false,false],"node_pool":[],"private_cluster_config":[],"release_channel":[{}],"resource_labels":{},"resource_usage_export_config":[],"vertical_pod_autoscaling":[],"workload_identity_config":[]},"depends_on":["data.terraform_remote_state.project"]},{"address":"module.spinnaker_euw1.module.spinnaker.google_pubsub_topic.gcb_topic","mode":"managed","type":"google_pubsub_topic","name":"gcb_topic","provider_name":"registry.terraform.io/hashicorp/google","schema_version":0,"values":{"id":"projects/blue-dog-piano/topics/spi-spi-euw1-gcb","kms_key_name":"","labels":{"cmdb_id":"234089","cost_centre":"cc","dataclassification":"limited","owner":"a-harland","troux_id":"troux"},"message_retention_duration":"","message_storage_policy":[{"allowed_persistence_regions":["europe-west1","europe-west2"]}],"name":"spi-spi-euw1-gcb","project":"blue-dog-piano","schema_settings":[],"timeouts":null},"sensitive_values":{"labels":{},"message_storage_policy":[{"allowed_persistence_regions":[false,false]}],"schema_settings":[]},"depends_on":["data.terraform_remote_state.project"]},{"address":"module.spinnaker_euw1.module.spinnaker.google_pubsub_topic.gcr_topic","mode":"managed","type":"google_pubsub_topic","name":"gcr_topic","provider_name":"registry.terraform.io/hashicorp/google","schema_version":0,"values":{"id":"projects/blue-dog-piano/topics/spi-spi-euw1-gcr","kms_key_name":"","labels":{"cmdb_id":"234089","cost_centre":"cc","dataclassification":"limited","owner":"a-harland","troux_id":"troux"},"message_retention_duration":"","message_storage_policy":[{"allowed_persistence_regions":["europe-west1","europe-west2"]}],"name":"spi-spi-euw1-gcr","project":"blue-dog-piano","schema_settings":[],"timeouts":null},"sensitive_values":{"labels":{},"message_storage_policy":[{"allowed_persistence_regions":[false,false]}],"schema_settings":[]},"depends_on":["data.terraform_remote_state.project"]},{"address":"module.spinnaker_euw1.module.spinnaker.google_pubsub_topic.notifications","mode":"managed","type":"google_pubsub_topic","name":"notifications","provider_name":"registry.terraform.io/hashicorp/google","schema_version":0,"values":{"id":"projects/blue-dog-piano/topics/spi-spi-euw1-notifications","kms_key_name":"","labels":{"cmdb_id":"234089","cost_centre":"cc","dataclassification":"limited","owner":"a-harland","troux_id":"troux"},"message_retention_duration":"","message_storage_policy":[{"allowed_persistence_regions":["europe-west1","europe-west2"]}],"name":"spi-spi-euw1-notifications","project":"blue-dog-piano","schema_settings":[],"timeouts":null},"sensitive_values":{"labels":{},"message_storage_policy":[{"allowed_persistence_regions":[false,false]}],"schema_settings":[]},"depends_on":["data.terraform_remote_state.project"]},{"address":"module.spinnaker_euw1.module.spinnaker.google_storage_bucket.config","mode":"managed","type":"google_storage_bucket","name":"config","provider_name":"registry.terraform.io/hashicorp/google","schema_version":0,"values":{"cors":[],"default_event_based_hold":false,"encryption":[],"force_destroy":true,"id":"tst-stb-spi-euw1-config","labels":{"cmdb_id":"234089","cost_centre":"cc","dataclassification":"limited","owner":"a-harland","troux_id":"troux"},"lifecycle_rule":[],"location":"EUROPE-WEST1","logging":[],"name":"tst-stb-spi-euw1-config","project":"blue-dog-piano","requester_pays":false,"retention_policy":[],"self_link":"https://www.googleapis.com/storage/v1/b/tst-stb-spi-euw1-config","storage_class":"STANDARD","uniform_bucket_level_access":true,"url":"gs://tst-stb-spi-euw1-config","versioning":[],"website":[]},"sensitive_values":{"cors":[],"encryption":[],"labels":{},"lifecycle_rule":[],"logging":[],"retention_policy":[],"versioning":[],"website":[]},"depends_on":["data.terraform_remote_state.project"]},{"address":"module.spinnaker_euw1.module.spinnaker.google_storage_bucket.hal_config","mode":"managed","type":"google_storage_bucket","name":"hal_config","provider_name":"registry.terraform.io/hashicorp/google","schema_version":0,"values":{"cors":[],"default_event_based_hold":false,"encryption":[],"force_destroy":true,"id":"tst-stb-spi-euw1-halconfig","labels":{"cmdb_id":"234089","cost_centre":"cc","dataclassification":"limited","owner":"a-harland","troux_id":"troux"},"lifecycle_rule":[],"location":"EUROPE-WEST1","logging":[],"name":"tst-stb-spi-euw1-halconfig","project":"blue-dog-piano","requester_pays":false,"retention_policy":[],"self_link":"https://www.googleapis.com/storage/v1/b/tst-stb-spi-euw1-halconfig","storage_class":"STANDARD","uniform_bucket_level_access":true,"url":"gs://tst-stb-spi-euw1-halconfig","versioning":[],"website":[]},"sensitive_values":{"cors":[],"encryption":[],"labels":{},"lifecycle_rule":[],"logging":[],"retention_policy":[],"versioning":[],"website":[]},"depends_on":["data.terraform_remote_state.project"]},{"address":"module.spinnaker_euw1.module.spinnaker.google_storage_bucket.spiartifacts","mode":"managed","type":"google_storage_bucket","name":"spiartifacts","provider_name":"registry.terraform.io/hashicorp/google","schema_version":0,"values":{"cors":[],"default_event_based_hold":false,"encryption":[],"force_destroy":true,"id":"tst-stb-spi-euw1-artifacts","labels":{"cmdb_id":"234089","cost_centre":"cc","dataclassification":"limited","owner":"a-harland","troux_id":"troux"},"lifecycle_rule":[],"location":"EUROPE-WEST1","logging":[],"name":"tst-stb-spi-euw1-artifacts","project":"blue-dog-piano","requester_pays":false,"retention_policy":[],"self_link":"https://www.googleapis.com/storage/v1/b/tst-stb-spi-euw1-artifacts","storage_class":"STANDARD","uniform_bucket_level_access":true,"url":"gs://tst-stb-spi-euw1-artifacts","versioning":[],"website":[]},"sensitive_values":{"cors":[],"encryption":[],"labels":{},"lifecycle_rule":[],"logging":[],"retention_policy":[],"versioning":[],"website":[]},"depends_on":["data.terraform_remote_state.project"]}],"address":"module.spinnaker_euw1.module.spinnaker"}]}]}}},"configuration":{"provider_config":{"google":{"name":"google","expressions":{"project":{"constant_value":"blue-dog-piano"}}},"google-beta":{"name":"google-beta","expressions":{"project":{"constant_value":"blue-dog-piano"}}},"random":{"name":"random","version_constraint":"3.0.1"}},"root_module":{"resources":[{"address":"data.terraform_remote_state.project","mode":"data","type":"terraform_remote_state","name":"project","provider_config_key":"terraform","expressions":{"backend":{"constant_value":"remote"},"config":{"constant_value":{"organization":"harland","workspaces":{"name":"tf-native-project-tst"}}}},"schema_version":0}],"module_calls":{"iam":{"source":"../../modules/iam","expressions":{"project_id":{"references":["data.terraform_remote_state.project.outputs.project_id","data.terraform_remote_state.project.outputs","data.terraform_remote_state.project"]},"service_account_name":{"constant_value":"spi-editor"}},"module":{"outputs":{"service_account_email":{"expression":{"references":["google_service_account.service_account.email","google_service_account.service_account"]}}},"resources":[{"address":"google_service_account.service_account","mode":"managed","type":"google_service_account","name":"service_account","provider_config_key":"iam:google","expressions":{"account_id":{"references":["var.service_account_name"]},"display_name":{"constant_value":"Service Account"}},"schema_version":0}],"variables":{"project_id":{"description":"GCP Project ID."},"service_account_name":{"description":"Name of the service account to create."}}}},"notification":{"source":"../../modules/notifications","expressions":{"name":{"constant_value":"pe-ws-tst-psb-euwe2-desc-01"},"project_id":{"references":["data.terraform_remote_state.project.outputs.project_id","data.terraform_remote_state.project.outputs","data.terraform_remote_state.project"]},"publisher_sa":{"references":["module.iam.service_account_email","module.iam"]}},"module":{"resources":[{"address":"google_pubsub_topic.notifications","mode":"managed","type":"google_pubsub_topic","name":"notifications","provider_config_key":"notification:google","expressions":{"labels":{"constant_value":{"cmdb_id":"al12345"}},"name":{"references":["var.name"]},"project":{"references":["var.project_id"]}},"schema_version":0},{"address":"google_pubsub_topic_iam_member.member","mode":"managed","type":"google_pubsub_topic_iam_member","name":"member","provider_config_key":"notification:google","expressions":{"member":{"references":["var.publisher_sa"]},"project":{"references":["var.project_id"]},"role":{"constant_value":"roles/pubsub.publisher"},"topic":{"references":["google_pubsub_topic.notifications.id","google_pubsub_topic.notifications"]}},"schema_version":0}],"variables":{"name":{"description":"Name of the value stream creating the notifications topic."},"project_id":{"description":"GCP Project ID."},"publisher_sa":{"description":"Service account used for publishing messages."}}}},"spinnaker_euw1":{"source":"../../modules/spinnaker","expressions":{"cluster_disk_size":{"references":["local.cluster_disk_size"]},"env":{"references":["data.terraform_remote_state.project.outputs.env","data.terraform_remote_state.project.outputs","data.terraform_remote_state.project"]},"kms_crypto_key":{"references":["data.terraform_remote_state.project.outputs.kms_crypto_key","data.terraform_remote_state.project.outputs","data.terraform_remote_state.project"]},"kms_key_ring":{"references":["data.terraform_remote_state.project.outputs.kms_key_ring","data.terraform_remote_state.project.outputs","data.terraform_remote_state.project"]},"kms_project_id":{"references":["data.terraform_remote_state.project.outputs.kms_project_id","data.terraform_remote_state.project.outputs","data.terraform_remote_state.project"]},"labels":{"references":["local.labels"]},"machine_type":{"references":["local.machine_type"]},"max_node_count":{"references":["local.max_node_count"]},"min_node_count":{"references":["local.min_node_count"]},"name":{"constant_value":"spi-euw1"},"project_id":{"references":["data.terraform_remote_state.project.outputs.project_id","data.terraform_remote_state.project.outputs","data.terraform_remote_state.project"]},"region":{"constant_value":"europe-west1"},"service_project_id":{"constant_value":"service-project"}},"module":{"module_calls":{"spinnaker":{"source":"../_pe_modules/tf-mod-spinnaker","expressions":{"cluster_disk_size":{"constant_value":200},"env":{"references":["var.env"]},"kms_crypto_key":{"references":["var.kms_crypto_key"]},"kms_key_ring":{"references":["var.kms_key_ring"]},"kms_project_id":{"references":["var.kms_project_id"]},"labels":{"references":["var.labels"]},"machine_type":{"references":["var.machine_type"]},"max_node_count":{"references":["var.max_node_count"]},"min_node_count":{"references":["var.min_node_count"]},"name":{"references":["var.name"]},"project_id":{"references":["var.project_id"]},"region":{"references":["var.region"]},"service_project_id":{"references":["var.service_project_id"]}},"module":{"resources":[{"address":"google_container_cluster.kcl","mode":"managed","type":"google_container_cluster","name":"kcl","provider_config_key":"spinnaker:google","expressions":{"initial_node_count":{"constant_value":1},"location":{"references":["var.region"]},"name":{"references":["var.name"]},"project":{"references":["var.project_id"]},"remove_default_node_pool":{"constant_value":true}},"schema_version":1},{"address":"google_pubsub_topic.gcb_topic","mode":"managed","type":"google_pubsub_topic","name":"gcb_topic","provider_config_key":"spinnaker:google","expressions":{"labels":{"references":["var.labels"]},"message_storage_policy":[{"allowed_persistence_regions":{"constant_value":["europe-west1","europe-west2"]}}],"name":{"references":["var.name"]},"project":{"references":["var.project_id"]}},"schema_version":0},{"address":"google_pubsub_topic.gcr_topic","mode":"managed","type":"google_pubsub_topic","name":"gcr_topic","provider_config_key":"spinnaker:google","expressions":{"labels":{"references":["var.labels"]},"message_storage_policy":[{"allowed_persistence_regions":{"constant_value":["europe-west1","europe-west2"]}}],"name":{"references":["var.name"]},"project":{"references":["var.project_id"]}},"schema_version":0},{"address":"google_pubsub_topic.notifications","mode":"managed","type":"google_pubsub_topic","name":"notifications","provider_config_key":"spinnaker:google","expressions":{"labels":{"references":["var.labels"]},"message_storage_policy":[{"allowed_persistence_regions":{"constant_value":["europe-west1","europe-west2"]}}],"name":{"references":["var.name"]},"project":{"references":["var.project_id"]}},"schema_version":0},{"address":"google_storage_bucket.config","mode":"managed","type":"google_storage_bucket","name":"config","provider_config_key":"spinnaker:google","expressions":{"force_destroy":{"constant_value":true},"labels":{"references":["var.labels"]},"location":{"references":["var.region"]},"name":{"references":["var.env","var.name"]},"project":{"references":["var.project_id"]},"uniform_bucket_level_access":{"constant_value":true}},"schema_version":0},{"address":"google_storage_bucket.hal_config","mode":"managed","type":"google_storage_bucket","name":"hal_config","provider_config_key":"spinnaker:google","expressions":{"force_destroy":{"constant_value":true},"labels":{"references":["var.labels"]},"location":{"references":["var.region"]},"name":{"references":["var.env","var.name"]},"project":{"references":["var.project_id"]},"uniform_bucket_level_access":{"constant_value":true}},"schema_version":0},{"address":"google_storage_bucket.spiartifacts","mode":"managed","type":"google_storage_bucket","name":"spiartifacts","provider_config_key":"spinnaker:google","expressions":{"force_destroy":{"constant_value":true},"labels":{"references":["var.labels"]},"location":{"references":["var.region"]},"name":{"references":["var.env","var.name"]},"project":{"references":["var.project_id"]},"uniform_bucket_level_access":{"constant_value":true}},"schema_version":0}],"variables":{"cluster_disk_size":{"description":"KCL cluster disk size."},"env":{"description":"GCP Project environment."},"kms_crypto_key":{"description":"KMS Crypto Key"},"kms_key_ring":{"description":"KMS Key Ring"},"kms_project_id":{"description":"KMS Project ID"},"labels":{"description":"Labels to apply to the resources."},"machine_type":{"description":"KCL machine types."},"max_node_count":{"description":"Max KCL node count."},"min_node_count":{"description":"Min KCL node count."},"name":{"default":"spi","description":"Name for the spinnaker clusters."},"project_id":{"description":"GCP Project ID."},"region":{"default":"europe-west2","description":"GCP region."},"service_project_id":{"description":"Service project ID"}}}}},"variables":{"cluster_disk_size":{"description":"KMS Crypto Key"},"env":{"description":"GCP Project environment."},"kms_crypto_key":{"description":"KMS Crypto Key"},"kms_key_ring":{"description":"KMS Key Ring"},"kms_project_id":{"description":"KMS Project ID"},"labels":{"description":"Labels to apply to the resources."},"machine_type":{"description":"KMS Crypto Key"},"max_node_count":{"description":"KMS Crypto Key"},"min_node_count":{"description":"KMS Crypto Key"},"name":{"default":"spi","description":"Name for the spinnaker clusters."},"project_id":{"description":"GCP Project ID."},"region":{"default":"europe-west2","description":"GCP region."},"service_project_id":{"description":"KMS Crypto Key"}}}}}}}}
